
Microsoft Visual Studio Solution File, Format Version 12.00
# Visual Studio Version 16
VisualStudioVersion = 16.0.30320.27
MinimumVisualStudioVersion = 10.0.40219.1
Project("{FAE04EC0-301F-11D3-BF4B-00C04F79EFBC}") = "SharepointDownloader", "SharepointDownloader\SharepointDownloader.csproj", "{64A2C2D7-A0F6-4C02-9C17-ED4D1DF846CF}"
EndProject
Global
	GlobalSection(SolutionConfigurationPlatforms) = preSolution
		Debug|Any CPU = Debug|Any CPU
		Release|Any CPU = Release|Any CPU
	EndGlobalSection
	GlobalSection(ProjectConfigurationPlatforms) = postSolution
		{64A2C2D7-A0F6-4C02-9C17-ED4D1DF846CF}.Debug|Any CPU.ActiveCfg = Debug|Any CPU
		{64A2C2D7-A0F6-4C02-9C17-ED4D1DF846CF}.Debug|Any CPU.Build.0 = Debug|Any CPU
		{64A2C2D7-A0F6-4C02-9C17-ED4D1DF846CF}.Release|Any CPU.ActiveCfg = Release|Any CPU
		{64A2C2D7-A0F6-4C02-9C17-ED4D1DF846CF}.Release|Any CPU.Build.0 = Release|Any CPU
	EndGlobalSection
	GlobalSection(SolutionProperties) = preSolution
		HideSolutionNode = FALSE
	EndGlobalSection
	GlobalSection(ExtensibilityGlobals) = postSolution
		SolutionGuid = {FA113647-EB52-458A-A9BC-7425648B0C5C}
	EndGlobalSection
EndGlobal
